
Microsoft Visual Studio Solution File, Format Version 12.00
# Visual Studio 15
VisualStudioVersion = 15.0.28010.2046
MinimumVisualStudioVersion = 10.0.40219.1
Project("{FAE04EC0-301F-11D3-BF4B-00C04F79EFBC}") = "Xamarin-1", "Xamarin-1\Xamarin-1.csproj", "{0FEF1B68-3E0B-47AA-A95E-331B115F8F7D}"
EndProject
Global
	GlobalSection(SolutionConfigurationPlatforms) = preSolution
		Debug|Any CPU = Debug|Any CPU
		Release|Any CPU = Release|Any CPU
	EndGlobalSection
	GlobalSection(ProjectConfigurationPlatforms) = postSolution
		{0FEF1B68-3E0B-47AA-A95E-331B115F8F7D}.Debug|Any CPU.ActiveCfg = Debug|Any CPU
		{0FEF1B68-3E0B-47AA-A95E-331B115F8F7D}.Debug|Any CPU.Build.0 = Debug|Any CPU
		{0FEF1B68-3E0B-47AA-A95E-331B115F8F7D}.Debug|Any CPU.Deploy.0 = Debug|Any CPU
		{0FEF1B68-3E0B-47AA-A95E-331B115F8F7D}.Release|Any CPU.ActiveCfg = Release|Any CPU
		{0FEF1B68-3E0B-47AA-A95E-331B115F8F7D}.Release|Any CPU.Build.0 = Release|Any CPU
		{0FEF1B68-3E0B-47AA-A95E-331B115F8F7D}.Release|Any CPU.Deploy.0 = Release|Any CPU
	EndGlobalSection
	GlobalSection(SolutionProperties) = preSolution
		HideSolutionNode = FALSE
	EndGlobalSection
	GlobalSection(ExtensibilityGlobals) = postSolution
		SolutionGuid = {DC92E21F-82F0-46C2-8A7A-53B8168A6EC4}
	EndGlobalSection
EndGlobal
